
Microsoft Visual Studio Solution File, Format Version 12.00
# Visual Studio Version 16
VisualStudioVersion = 16.0.29306.81
MinimumVisualStudioVersion = 10.0.40219.1
Project("{FAE04EC0-301F-11D3-BF4B-00C04F79EFBC}") = "AventureWorksWebApi", "AventureWorksWebApi\AventureWorksWebApi.csproj", "{B89FC661-E294-45C6-81B5-6C37605C9476}"
EndProject
Project("{FAE04EC0-301F-11D3-BF4B-00C04F79EFBC}") = "UnitTesting", "UnitTesting\UnitTesting.csproj", "{EB08C84E-C178-4076-9E2D-411D750D4198}"
EndProject
Global
	GlobalSection(SolutionConfigurationPlatforms) = preSolution
		Debug|Any CPU = Debug|Any CPU
		Release|Any CPU = Release|Any CPU
	EndGlobalSection
	GlobalSection(ProjectConfigurationPlatforms) = postSolution
		{B89FC661-E294-45C6-81B5-6C37605C9476}.Debug|Any CPU.ActiveCfg = Debug|Any CPU
		{B89FC661-E294-45C6-81B5-6C37605C9476}.Debug|Any CPU.Build.0 = Debug|Any CPU
		{B89FC661-E294-45C6-81B5-6C37605C9476}.Release|Any CPU.ActiveCfg = Release|Any CPU
		{B89FC661-E294-45C6-81B5-6C37605C9476}.Release|Any CPU.Build.0 = Release|Any CPU
		{EB08C84E-C178-4076-9E2D-411D750D4198}.Debug|Any CPU.ActiveCfg = Debug|Any CPU
		{EB08C84E-C178-4076-9E2D-411D750D4198}.Debug|Any CPU.Build.0 = Debug|Any CPU
		{EB08C84E-C178-4076-9E2D-411D750D4198}.Release|Any CPU.ActiveCfg = Release|Any CPU
		{EB08C84E-C178-4076-9E2D-411D750D4198}.Release|Any CPU.Build.0 = Release|Any CPU
	EndGlobalSection
	GlobalSection(SolutionProperties) = preSolution
		HideSolutionNode = FALSE
	EndGlobalSection
	GlobalSection(ExtensibilityGlobals) = postSolution
		SolutionGuid = {2E214E05-51A0-4A0F-A2DD-D810A3373E44}
	EndGlobalSection
EndGlobal
